{
  "name": "frontend-js",
  "lockfileVersion": 3,
  "requires": true,
  "packages": {
    "": {
      "dependencies": {
        "@emagjby/strata-js": "^0.3.1"
      }
    },
    "node_modules/@emagjby/strata-js": {
      "version": "0.3.1",
      "resolved": "https://registry.npmjs.org/@emagjby/strata-js/-/strata-js-0.3.1.tgz",
      "integrity": "sha512-62OvT3d97QEmU5jbWcRcIvIdCGrxYt1Zl20J3QMSZsdiIlPmu4DexoVo1O2J2tTBL2r4ybYZoz+u72CqwQkcgQ==",
      "dependencies": {
        "@noble/hashes": "^2.0.1"
      },
      "bin": {
        "strata-js": "dist/cli.js"
      }
    },
    "node_modules/@noble/hashes": {
      "version": "2.0.1",
      "resolved": "https://registry.npmjs.org/@noble/hashes/-/hashes-2.0.1.tgz",
      "integrity": "sha512-XlOlEbQcE9fmuXxrVTXCTlG2nlRXa9Rj3rr5Ue/+tX+nmkgbX720YHh0VR3hBF9xDvwnb8D2shVGOwNx+ulArw==",
      "license": "MIT",
      "engines": {
        "node": ">= 20.19.0"
      },
      "funding": {
        "url": "https://paulmillr.com/funding/"
      }
    }
  }
}
